
Microsoft Visual Studio Solution File, Format Version 11.00
# Visual Studio 2010
Project("{FAE04EC0-301F-11D3-BF4B-00C04F79EFBC}") = "SRFROWCA", "SRFROWCA\SRFROWCA.csproj", "{1164AB10-F0DB-4E1F-B8B1-E56D61E90D83}"
EndProject
Project("{FAE04EC0-301F-11D3-BF4B-00C04F79EFBC}") = "BusinessLogic", "BusinessLogic\BusinessLogic.csproj", "{DE3BE702-AF50-4C77-AA51-D968CEA8DFE9}"
EndProject
Project("{FAE04EC0-301F-11D3-BF4B-00C04F79EFBC}") = "DataAccessLayer", "DataAccessLayer\DataAccessLayer.csproj", "{C778FC54-FADB-446C-BED3-B34A36F16D79}"
EndProject
Project("{FAE04EC0-301F-11D3-BF4B-00C04F79EFBC}") = "DotNet.Highcharts", "..\ROWCA3W\DotNet.Highcharts\DotNet.Highcharts\DotNet.Highcharts.csproj", "{6FE2EA1E-85E3-4969-BE6C-C08C9BA9029A}"
EndProject
Global
	GlobalSection(SolutionConfigurationPlatforms) = preSolution
		Debug|Any CPU = Debug|Any CPU
		Debug|x86 = Debug|x86
		Release|Any CPU = Release|Any CPU
		Release|x86 = Release|x86
	EndGlobalSection
	GlobalSection(ProjectConfigurationPlatforms) = postSolution
		{1164AB10-F0DB-4E1F-B8B1-E56D61E90D83}.Debug|Any CPU.ActiveCfg = Debug|Any CPU
		{1164AB10-F0DB-4E1F-B8B1-E56D61E90D83}.Debug|Any CPU.Build.0 = Debug|Any CPU
		{1164AB10-F0DB-4E1F-B8B1-E56D61E90D83}.Debug|x86.ActiveCfg = Debug|Any CPU
		{1164AB10-F0DB-4E1F-B8B1-E56D61E90D83}.Debug|x86.Build.0 = Debug|Any CPU
		{1164AB10-F0DB-4E1F-B8B1-E56D61E90D83}.Release|Any CPU.ActiveCfg = Release|Any CPU
		{1164AB10-F0DB-4E1F-B8B1-E56D61E90D83}.Release|Any CPU.Build.0 = Release|Any CPU
		{1164AB10-F0DB-4E1F-B8B1-E56D61E90D83}.Release|x86.ActiveCfg = Release|x86
		{1164AB10-F0DB-4E1F-B8B1-E56D61E90D83}.Release|x86.Build.0 = Release|x86
		{DE3BE702-AF50-4C77-AA51-D968CEA8DFE9}.Debug|Any CPU.ActiveCfg = Debug|Any CPU
		{DE3BE702-AF50-4C77-AA51-D968CEA8DFE9}.Debug|Any CPU.Build.0 = Debug|Any CPU
		{DE3BE702-AF50-4C77-AA51-D968CEA8DFE9}.Debug|x86.ActiveCfg = Debug|Any CPU
		{DE3BE702-AF50-4C77-AA51-D968CEA8DFE9}.Release|Any CPU.ActiveCfg = Release|Any CPU
		{DE3BE702-AF50-4C77-AA51-D968CEA8DFE9}.Release|Any CPU.Build.0 = Release|Any CPU
		{DE3BE702-AF50-4C77-AA51-D968CEA8DFE9}.Release|x86.ActiveCfg = Release|Any CPU
		{C778FC54-FADB-446C-BED3-B34A36F16D79}.Debug|Any CPU.ActiveCfg = Debug|Any CPU
		{C778FC54-FADB-446C-BED3-B34A36F16D79}.Debug|Any CPU.Build.0 = Debug|Any CPU
		{C778FC54-FADB-446C-BED3-B34A36F16D79}.Debug|x86.ActiveCfg = Debug|Any CPU
		{C778FC54-FADB-446C-BED3-B34A36F16D79}.Release|Any CPU.ActiveCfg = Release|Any CPU
		{C778FC54-FADB-446C-BED3-B34A36F16D79}.Release|Any CPU.Build.0 = Release|Any CPU
		{C778FC54-FADB-446C-BED3-B34A36F16D79}.Release|x86.ActiveCfg = Release|Any CPU
		{6FE2EA1E-85E3-4969-BE6C-C08C9BA9029A}.Debug|Any CPU.ActiveCfg = Debug|Any CPU
		{6FE2EA1E-85E3-4969-BE6C-C08C9BA9029A}.Debug|Any CPU.Build.0 = Debug|Any CPU
		{6FE2EA1E-85E3-4969-BE6C-C08C9BA9029A}.Debug|x86.ActiveCfg = Debug|Any CPU
		{6FE2EA1E-85E3-4969-BE6C-C08C9BA9029A}.Debug|x86.Build.0 = Debug|Any CPU
		{6FE2EA1E-85E3-4969-BE6C-C08C9BA9029A}.Release|Any CPU.ActiveCfg = Release|Any CPU
		{6FE2EA1E-85E3-4969-BE6C-C08C9BA9029A}.Release|Any CPU.Build.0 = Release|Any CPU
		{6FE2EA1E-85E3-4969-BE6C-C08C9BA9029A}.Release|x86.ActiveCfg = Release|Any CPU
	EndGlobalSection
	GlobalSection(SolutionProperties) = preSolution
		HideSolutionNode = FALSE
	EndGlobalSection
EndGlobal
